// !$*UTF8*$!
{
	archiveVersion = 1;
	classes = {
	};
	objectVersion = 46;
	objects = {

/* Begin PBXBuildFile section */
		18810F231D3F61A7003058BA /* MYZNavigationController.m in Sources */ = {isa = PBXBuildFile; fileRef = 18810F171D3F61A7003058BA /* MYZNavigationController.m */; };
		18810F241D3F61A7003058BA /* MYZTabBarController.m in Sources */ = {isa = PBXBuildFile; fileRef = 18810F191D3F61A7003058BA /* MYZTabBarController.m */; };
		18810F251D3F61A7003058BA /* MYZHomeController.m in Sources */ = {isa = PBXBuildFile; fileRef = 18810F1C1D3F61A7003058BA /* MYZHomeController.m */; };
		18810F261D3F61A7003058BA /* MYZMineController.m in Sources */ = {isa = PBXBuildFile; fileRef = 18810F1F1D3F61A7003058BA /* MYZMineController.m */; };
		18810F271D3F61A7003058BA /* MYZNextViewController.m in Sources */ = {isa = PBXBuildFile; fileRef = 18810F221D3F61A7003058BA /* MYZNextViewController.m */; };
		18D50A8B1D265D9C001AB2FB /* main.m in Sources */ = {isa = PBXBuildFile; fileRef = 18D50A8A1D265D9C001AB2FB /* main.m */; };
		18D50A8E1D265D9C001AB2FB /* AppDelegate.m in Sources */ = {isa = PBXBuildFile; fileRef = 18D50A8D1D265D9C001AB2FB /* AppDelegate.m */; };
		18D50A961D265D9C001AB2FB /* Assets.xcassets in Resources */ = {isa = PBXBuildFile; fileRef = 18D50A951D265D9C001AB2FB /* Assets.xcassets */; };
		18D50A991D265D9C001AB2FB /* LaunchScreen.storyboard in Resources */ = {isa = PBXBuildFile; fileRef = 18D50A971D265D9C001AB2FB /* LaunchScreen.storyboard */; };
/* End PBXBuildFile section */

/* Begin PBXFileReference section */
		18810F161D3F61A7003058BA /* MYZNavigationController.h */ = {isa = PBXFileReference; fileEncoding = 4; lastKnownFileType = sourcecode.c.h; path = MYZNavigationController.h; sourceTree = "<group>"; };
		18810F171D3F61A7003058BA /* MYZNavigationController.m */ = {isa = PBXFileReference; fileEncoding = 4; lastKnownFileType = sourcecode.c.objc; path = MYZNavigationController.m; sourceTree = "<group>"; };
		18810F181D3F61A7003058BA /* MYZTabBarController.h */ = {isa = PBXFileReference; fileEncoding = 4; lastKnownFileType = sourcecode.c.h; path = MYZTabBarController.h; sourceTree = "<group>"; };
		18810F191D3F61A7003058BA /* MYZTabBarController.m */ = {isa = PBXFileReference; fileEncoding = 4; lastKnownFileType = sourcecode.c.objc; path = MYZTabBarController.m; sourceTree = "<group>"; };
		18810F1B1D3F61A7003058BA /* MYZHomeController.h */ = {isa = PBXFileReference; fileEncoding = 4; lastKnownFileType = sourcecode.c.h; path = MYZHomeController.h; sourceTree = "<group>"; };
		18810F1C1D3F61A7003058BA /* MYZHomeController.m */ = {isa = PBXFileReference; fileEncoding = 4; lastKnownFileType = sourcecode.c.objc; path = MYZHomeController.m; sourceTree = "<group>"; };
		18810F1E1D3F61A7003058BA /* MYZMineController.h */ = {isa = PBXFileReference; fileEncoding = 4; lastKnownFileType = sourcecode.c.h; path = MYZMineController.h; sourceTree = "<group>"; };
		18810F1F1D3F61A7003058BA /* MYZMineController.m */ = {isa = PBXFileReference; fileEncoding = 4; lastKnownFileType = sourcecode.c.objc; path = MYZMineController.m; sourceTree = "<group>"; };
		18810F211D3F61A7003058BA /* MYZNextViewController.h */ = {isa = PBXFileReference; fileEncoding = 4; lastKnownFileType = sourcecode.c.h; path = MYZNextViewController.h; sourceTree = "<group>"; };
		18810F221D3F61A7003058BA /* MYZNextViewController.m */ = {isa = PBXFileReference; fileEncoding = 4; lastKnownFileType = sourcecode.c.objc; path = MYZNextViewController.m; sourceTree = "<group>"; };
		18D50A861D265D9C001AB2FB /* PasscodeLockDemo.app */ = {isa = PBXFileReference; explicitFileType = wrapper.application; includeInIndex = 0; path = PasscodeLockDemo.app; sourceTree = BUILT_PRODUCTS_DIR; };
		18D50A8A1D265D9C001AB2FB /* main.m */ = {isa = PBXFileReference; lastKnownFileType = sourcecode.c.objc; path = main.m; sourceTree = "<group>"; };
		18D50A8C1D265D9C001AB2FB /* AppDelegate.h */ = {isa = PBXFileReference; lastKnownFileType = sourcecode.c.h; path = AppDelegate.h; sourceTree = "<group>"; };
		18D50A8D1D265D9C001AB2FB /* AppDelegate.m */ = {isa = PBXFileReference; lastKnownFileType = sourcecode.c.objc; path = AppDelegate.m; sourceTree = "<group>"; };
		18D50A951D265D9C001AB2FB /* Assets.xcassets */ = {isa = PBXFileReference; lastKnownFileType = folder.assetcatalog; path = Assets.xcassets; sourceTree = "<group>"; };
		18D50A981D265D9C001AB2FB /* Base */ = {isa = PBXFileReference; lastKnownFileType = file.storyboard; name = Base; path = Base.lproj/LaunchScreen.storyboard; sourceTree = "<group>"; };
		18D50A9A1D265D9C001AB2FB /* Info.plist */ = {isa = PBXFileReference; lastKnownFileType = text.plist.xml; path = Info.plist; sourceTree = "<group>"; };
/* End PBXFileReference section */

/* Begin PBXFrameworksBuildPhase section */
		18D50A831D265D9C001AB2FB /* Frameworks */ = {
			isa = PBXFrameworksBuildPhase;
			buildActionMask = 2147483647;
			files = (
			);
			runOnlyForDeploymentPostprocessing = 0;
		};
/* End PBXFrameworksBuildPhase section */

/* Begin PBXGroup section */
		18810F141D3F61A7003058BA /* Classes */ = {
			isa = PBXGroup;
			children = (
				18810F151D3F61A7003058BA /* Foundation */,
				18810F1A1D3F61A7003058BA /* Home */,
				18810F1D1D3F61A7003058BA /* Mine */,
				18810F201D3F61A7003058BA /* Others */,
			);
			path = Classes;
			sourceTree = "<group>";
		};
		18810F151D3F61A7003058BA /* Foundation */ = {
			isa = PBXGroup;
			children = (
				18810F161D3F61A7003058BA /* MYZNavigationController.h */,
				18810F171D3F61A7003058BA /* MYZNavigationController.m */,
				18810F181D3F61A7003058BA /* MYZTabBarController.h */,
				18810F191D3F61A7003058BA /* MYZTabBarController.m */,
			);
			path = Foundation;
			sourceTree = "<group>";
		};
		18810F1A1D3F61A7003058BA /* Home */ = {
			isa = PBXGroup;
			children = (
				18810F1B1D3F61A7003058BA /* MYZHomeController.h */,
				18810F1C1D3F61A7003058BA /* MYZHomeController.m */,
			);
			path = Home;
			sourceTree = "<group>";
		};
		18810F1D1D3F61A7003058BA /* Mine */ = {
			isa = PBXGroup;
			children = (
				18810F1E1D3F61A7003058BA /* MYZMineController.h */,
				18810F1F1D3F61A7003058BA /* MYZMineController.m */,
			);
			path = Mine;
			sourceTree = "<group>";
		};
		18810F201D3F61A7003058BA /* Others */ = {
			isa = PBXGroup;
			children = (
				18810F211D3F61A7003058BA /* MYZNextViewController.h */,
				18810F221D3F61A7003058BA /* MYZNextViewController.m */,
			);
			path = Others;
			sourceTree = "<group>";
		};
		18D50A7D1D265D9C001AB2FB = {
			isa = PBXGroup;
			children = (
				18D50A881D265D9C001AB2FB /* PasscodeLockDemo */,
				18D50A871D265D9C001AB2FB /* Products */,
			);
			sourceTree = "<group>";
		};
		18D50A871D265D9C001AB2FB /* Products */ = {
			isa = PBXGroup;
			children = (
				18D50A861D265D9C001AB2FB /* PasscodeLockDemo.app */,
			);
			name = Products;
			sourceTree = "<group>";
		};
		18D50A881D265D9C001AB2FB /* PasscodeLockDemo */ = {
			isa = PBXGroup;
			children = (
				18810F141D3F61A7003058BA /* Classes */,
				18D50A891D265D9C001AB2FB /* Supporting Files */,
			);
			path = PasscodeLockDemo;
			sourceTree = "<group>";
		};
		18D50A891D265D9C001AB2FB /* Supporting Files */ = {
			isa = PBXGroup;
			children = (
				18D50A8C1D265D9C001AB2FB /* AppDelegate.h */,
				18D50A8D1D265D9C001AB2FB /* AppDelegate.m */,
				18D50A951D265D9C001AB2FB /* Assets.xcassets */,
				18D50A971D265D9C001AB2FB /* LaunchScreen.storyboard */,
				18D50A9A1D265D9C001AB2FB /* Info.plist */,
				18D50A8A1D265D9C001AB2FB /* main.m */,
			);
			name = "Supporting Files";
			sourceTree = "<group>";
		};
/* End PBXGroup section */

/* Begin PBXNativeTarget section */
		18D50A851D265D9C001AB2FB /* PasscodeLockDemo */ = {
			isa = PBXNativeTarget;
			buildConfigurationList = 18D50A9D1D265D9C001AB2FB /* Build configuration list for PBXNativeTarget "PasscodeLockDemo" */;
			buildPhases = (
				18D50A821D265D9C001AB2FB /* Sources */,
				18D50A831D265D9C001AB2FB /* Frameworks */,
				18D50A841D265D9C001AB2FB /* Resources */,
			);
			buildRules = (
			);
			dependencies = (
			);
			name = PasscodeLockDemo;
			productName = PasscodeLockDemo;
			productReference = 18D50A861D265D9C001AB2FB /* PasscodeLockDemo.app */;
			productType = "com.apple.product-type.application";
		};
/* End PBXNativeTarget section */

/* Begin PBXProject section */
		18D50A7E1D265D9C001AB2FB /* Project object */ = {
			isa = PBXProject;
			attributes = {
				CLASSPREFIX = MYZ;
				LastUpgradeCheck = 0730;
				ORGANIZATIONNAME = myz;
				TargetAttributes = {
					18D50A851D265D9C001AB2FB = {
						CreatedOnToolsVersion = 7.3;
					};
				};
			};
			buildConfigurationList = 18D50A811D265D9C001AB2FB /* Build configuration list for PBXProject "PasscodeLockDemo" */;
			compatibilityVersion = "Xcode 3.2";
			developmentRegion = English;
			hasScannedForEncodings = 0;
			knownRegions = (
				en,
				Base,
			);
			mainGroup = 18D50A7D1D265D9C001AB2FB;
			productRefGroup = 18D50A871D265D9C001AB2FB /* Products */;
			projectDirPath = "";
			projectRoot = "";
			targets = (
				18D50A851D265D9C001AB2FB /* PasscodeLockDemo */,
			);
		};
/* End PBXProject section */

/* Begin PBXResourcesBuildPhase section */
		18D50A841D265D9C001AB2FB /* Resources */ = {
			isa = PBXResourcesBuildPhase;
			buildActionMask = 2147483647;
			files = (
				18D50A991D265D9C001AB2FB /* LaunchScreen.storyboard in Resources */,
				18D50A961D265D9C001AB2FB /* Assets.xcassets in Resources */,
			);
			runOnlyForDeploymentPostprocessing = 0;
		};
/* End PBXResourcesBuildPhase section */

/* Begin PBXSourcesBuildPhase section */
		18D50A821D265D9C001AB2FB /* Sources */ = {
			isa = PBXSourcesBuildPhase;
			buildActionMask = 2147483647;
			files = (
				18810F271D3F61A7003058BA /* MYZNextViewController.m in Sources */,
				18810F241D3F61A7003058BA /* MYZTabBarController.m in Sources */,
				18D50A8E1D265D9C001AB2FB /* AppDelegate.m in Sources */,
				18D50A8B1D265D9C001AB2FB /* main.m in Sources */,
				18810F261D3F61A7003058BA /* MYZMineController.m in Sources */,
				18810F251D3F61A7003058BA /* MYZHomeController.m in Sources */,
				18810F231D3F61A7003058BA /* MYZNavigationController.m in Sources */,
			);
			runOnlyForDeploymentPostprocessing = 0;
		};
/* End PBXSourcesBuildPhase section */

/* Begin PBXVariantGroup section */
		18D50A971D265D9C001AB2FB /* LaunchScreen.storyboard */ = {
			isa = PBXVariantGroup;
			children = (
				18D50A981D265D9C001AB2FB /* Base */,
			);
			name = LaunchScreen.storyboard;
			sourceTree = "<group>";
		};
/* End PBXVariantGroup section */

/* Begin XCBuildConfiguration section */
		18D50A9B1D265D9C001AB2FB /* Debug */ = {
			isa = XCBuildConfiguration;
			buildSettings = {
				ALWAYS_SEARCH_USER_PATHS = NO;
				CLANG_ANALYZER_NONNULL = YES;
				CLANG_CXX_LANGUAGE_STANDARD = "gnu++0x";
				CLANG_CXX_LIBRARY = "libc++";
				CLANG_ENABLE_MODULES = YES;
				CLANG_ENABLE_OBJC_ARC = YES;
				CLANG_WARN_BOOL_CONVERSION = YES;
				CLANG_WARN_CONSTANT_CONVERSION = YES;
				CLANG_WARN_DIRECT_OBJC_ISA_USAGE = YES_ERROR;
				CLANG_WARN_EMPTY_BODY = YES;
				CLANG_WARN_ENUM_CONVERSION = YES;
				CLANG_WARN_INT_CONVERSION = YES;
				CLANG_WARN_OBJC_ROOT_CLASS = YES_ERROR;
				CLANG_WARN_UNREACHABLE_CODE = YES;
				CLANG_WARN__DUPLICATE_METHOD_MATCH = YES;
				"CODE_SIGN_IDENTITY[sdk=iphoneos*]" = "iPhone Developer";
				COPY_PHASE_STRIP = NO;
				DEBUG_INFORMATION_FORMAT = dwarf;
				ENABLE_STRICT_OBJC_MSGSEND = YES;
				ENABLE_TESTABILITY = YES;
				GCC_C_LANGUAGE_STANDARD = gnu99;
				GCC_DYNAMIC_NO_PIC = NO;
				GCC_NO_COMMON_BLOCKS = YES;
				GCC_OPTIMIZATION_LEVEL = 0;
				GCC_PREPROCESSOR_DEFINITIONS = (
					"DEBUG=1",
					"$(inherited)",
				);
				GCC_WARN_64_TO_32_BIT_CONVERSION = YES;
				GCC_WARN_ABOUT_RETURN_TYPE = YES_ERROR;
				GCC_WARN_UNDECLARED_SELECTOR = YES;
				GCC_WARN_UNINITIALIZED_AUTOS = YES_AGGRESSIVE;
				GCC_WARN_UNUSED_FUNCTION = YES;
				GCC_WARN_UNUSED_VARIABLE = YES;
				IPHONEOS_DEPLOYMENT_TARGET = 9.3;
				MTL_ENABLE_DEBUG_INFO = YES;
				ONLY_ACTIVE_ARCH = YES;
				SDKROOT = iphoneos;
			};
			name = Debug;
		};
		18D50A9C1D265D9C001AB2FB /* Release */ = {
			isa = XCBuildConfiguration;
			buildSettings = {
				ALWAYS_SEARCH_USER_PATHS = NO;
				CLANG_ANALYZER_NONNULL = YES;
				CLANG_CXX_LANGUAGE_STANDARD = "gnu++0x";
				CLANG_CXX_LIBRARY = "libc++";
				CLANG_ENABLE_MODULES = YES;
				CLANG_ENABLE_OBJC_ARC = YES;
				CLANG_WARN_BOOL_CONVERSION = YES;
				CLANG_WARN_CONSTANT_CONVERSION = YES;
				CLANG_WARN_DIRECT_OBJC_ISA_USAGE = YES_ERROR;
				CLANG_WARN_EMPTY_BODY = YES;
				CLANG_WARN_ENUM_CONVERSION = YES;
				CLANG_WARN_INT_CONVERSION = YES;
				CLANG_WARN_OBJC_ROOT_CLASS = YES_ERROR;
				CLANG_WARN_UNREACHABLE_CODE = YES;
				CLANG_WARN__DUPLICATE_METHOD_MATCH = YES;
				"CODE_SIGN_IDENTITY[sdk=iphoneos*]" = "iPhone Developer";
				COPY_PHASE_STRIP = NO;
				DEBUG_INFORMATION_FORMAT = "dwarf-with-dsym";
				ENABLE_NS_ASSERTIONS = NO;
				ENABLE_STRICT_OBJC_MSGSEND = YES;
				GCC_C_LANGUAGE_STANDARD = gnu99;
				GCC_NO_COMMON_BLOCKS = YES;
				GCC_WARN_64_TO_32_BIT_CONVERSION = YES;
				GCC_WARN_ABOUT_RETURN_TYPE = YES_ERROR;
				GCC_WARN_UNDECLARED_SELECTOR = YES;
				GCC_WARN_UNINITIALIZED_AUTOS = YES_AGGRESSIVE;
				GCC_WARN_UNUSED_FUNCTION = YES;
				GCC_WARN_UNUSED_VARIABLE = YES;
				IPHONEOS_DEPLOYMENT_TARGET = 9.3;
				MTL_ENABLE_DEBUG_INFO = NO;
				SDKROOT = iphoneos;
				VALIDATE_PRODUCT = YES;
			};
			name = Release;
		};
		18D50A9E1D265D9C001AB2FB /* Debug */ = {
			isa = XCBuildConfiguration;
			buildSettings = {
				ASSETCATALOG_COMPILER_APPICON_NAME = AppIcon;
				INFOPLIST_FILE = PasscodeLockDemo/Info.plist;
				LD_RUNPATH_SEARCH_PATHS = "$(inherited) @executable_path/Frameworks";
				PRODUCT_BUNDLE_IDENTIFIER = com.myz.PasscodeLockDemo;
				PRODUCT_NAME = "$(TARGET_NAME)";
			};
			name = Debug;
		};
		18D50A9F1D265D9C001AB2FB /* Release */ = {
			isa = XCBuildConfiguration;
			buildSettings = {
				ASSETCATALOG_COMPILER_APPICON_NAME = AppIcon;
				INFOPLIST_FILE = PasscodeLockDemo/Info.plist;
				LD_RUNPATH_SEARCH_PATHS = "$(inherited) @executable_path/Frameworks";
				PRODUCT_BUNDLE_IDENTIFIER = com.myz.PasscodeLockDemo;
				PRODUCT_NAME = "$(TARGET_NAME)";
			};
			name = Release;
		};
/* End XCBuildConfiguration section */

/* Begin XCConfigurationList section */
		18D50A811D265D9C001AB2FB /* Build configuration list for PBXProject "PasscodeLockDemo" */ = {
			isa = XCConfigurationList;
			buildConfigurations = (
				18D50A9B1D265D9C001AB2FB /* Debug */,
				18D50A9C1D265D9C001AB2FB /* Release */,
			);
			defaultConfigurationIsVisible = 0;
			defaultConfigurationName = Release;
		};
		18D50A9D1D265D9C001AB2FB /* Build configuration list for PBXNativeTarget "PasscodeLockDemo" */ = {
			isa = XCConfigurationList;
			buildConfigurations = (
				18D50A9E1D265D9C001AB2FB /* Debug */,
				18D50A9F1D265D9C001AB2FB /* Release */,
			);
			defaultConfigurationIsVisible = 0;
			defaultConfigurationName = Release;
		};
/* End XCConfigurationList section */
	};
	rootObject = 18D50A7E1D265D9C001AB2FB /* Project object */;
}
