// !$*UTF8*$!
{
	archiveVersion = 1;
	classes = {
	};
	objectVersion = 46;
	objects = {

/* Begin PBXBuildFile section */
		184A97401D6BE4A300622FAF /* MYZPasscodeInfoView.m in Sources */ = {isa = PBXBuildFile; fileRef = 184A973F1D6BE4A300622FAF /* MYZPasscodeInfoView.m */; };
		184A97441D6C309900622FAF /* CALayer+shake.m in Sources */ = {isa = PBXBuildFile; fileRef = 184A97431D6C309900622FAF /* CALayer+shake.m */; };
		184A97471D6C38CE00622FAF /* MYZMinePasscodeSetController.m in Sources */ = {isa = PBXBuildFile; fileRef = 184A97461D6C38CE00622FAF /* MYZMinePasscodeSetController.m */; };
		18810F231D3F61A7003058BA /* MYZNavigationController.m in Sources */ = {isa = PBXBuildFile; fileRef = 18810F171D3F61A7003058BA /* MYZNavigationController.m */; };
		18810F241D3F61A7003058BA /* MYZTabBarController.m in Sources */ = {isa = PBXBuildFile; fileRef = 18810F191D3F61A7003058BA /* MYZTabBarController.m */; };
		18810F251D3F61A7003058BA /* MYZHomeController.m in Sources */ = {isa = PBXBuildFile; fileRef = 18810F1C1D3F61A7003058BA /* MYZHomeController.m */; };
		18810F271D3F61A7003058BA /* MYZNextViewController.m in Sources */ = {isa = PBXBuildFile; fileRef = 18810F221D3F61A7003058BA /* MYZNextViewController.m */; };
		18810F2D1D3F68BC003058BA /* MYZMineController.m in Sources */ = {isa = PBXBuildFile; fileRef = 18810F2A1D3F68BC003058BA /* MYZMineController.m */; };
		18810F341D3F6916003058BA /* MYZSettingGroup.m in Sources */ = {isa = PBXBuildFile; fileRef = 18810F331D3F6916003058BA /* MYZSettingGroup.m */; };
		18810F371D3F6A5E003058BA /* MYZSettingItem.m in Sources */ = {isa = PBXBuildFile; fileRef = 18810F361D3F6A5E003058BA /* MYZSettingItem.m */; };
		18810F3A1D3F6B56003058BA /* MYZSettingPushItem.m in Sources */ = {isa = PBXBuildFile; fileRef = 18810F391D3F6B56003058BA /* MYZSettingPushItem.m */; };
		18810F3D1D3F6BA0003058BA /* MYZSettingSwitchItem.m in Sources */ = {isa = PBXBuildFile; fileRef = 18810F3C1D3F6BA0003058BA /* MYZSettingSwitchItem.m */; };
		18810F401D3F6BCB003058BA /* MYZSettingCheckItem.m in Sources */ = {isa = PBXBuildFile; fileRef = 18810F3F1D3F6BCB003058BA /* MYZSettingCheckItem.m */; };
		18810F431D3F71ED003058BA /* MYZMineBaseController.m in Sources */ = {isa = PBXBuildFile; fileRef = 18810F421D3F71ED003058BA /* MYZMineBaseController.m */; };
		18810F461D3F73AA003058BA /* MYZSettingCell.m in Sources */ = {isa = PBXBuildFile; fileRef = 18810F451D3F73AA003058BA /* MYZSettingCell.m */; };
		189B96981D40ACFD00219B25 /* 00.gif in Resources */ = {isa = PBXBuildFile; fileRef = 189B96971D40ACFD00219B25 /* 00.gif */; };
		189B969B1D40B0FC00219B25 /* MYZMineLockTypeController.m in Sources */ = {isa = PBXBuildFile; fileRef = 189B969A1D40B0FC00219B25 /* MYZMineLockTypeController.m */; };
		189B969E1D40B3B400219B25 /* MYZMineGestureController.m in Sources */ = {isa = PBXBuildFile; fileRef = 189B969D1D40B3B400219B25 /* MYZMineGestureController.m */; };
		189B96A11D40B3C800219B25 /* MYZMinePasscodeController.m in Sources */ = {isa = PBXBuildFile; fileRef = 189B96A01D40B3C800219B25 /* MYZMinePasscodeController.m */; };
		18AE364F1D53415B0024ECB3 /* MYZMineGestureSetController.m in Sources */ = {isa = PBXBuildFile; fileRef = 18AE364E1D53415B0024ECB3 /* MYZMineGestureSetController.m */; };
		18BB78921D65B7BA003A738E /* MYZNumberView.m in Sources */ = {isa = PBXBuildFile; fileRef = 18BB78911D65B7BA003A738E /* MYZNumberView.m */; };
		18BB78951D65B81F003A738E /* MYZGestureShapeView.m in Sources */ = {isa = PBXBuildFile; fileRef = 18BB78941D65B81F003A738E /* MYZGestureShapeView.m */; };
		18D50A8B1D265D9C001AB2FB /* main.m in Sources */ = {isa = PBXBuildFile; fileRef = 18D50A8A1D265D9C001AB2FB /* main.m */; };
		18D50A8E1D265D9C001AB2FB /* AppDelegate.m in Sources */ = {isa = PBXBuildFile; fileRef = 18D50A8D1D265D9C001AB2FB /* AppDelegate.m */; };
		18D50A961D265D9C001AB2FB /* Assets.xcassets in Resources */ = {isa = PBXBuildFile; fileRef = 18D50A951D265D9C001AB2FB /* Assets.xcassets */; };
		18D50A991D265D9C001AB2FB /* LaunchScreen.storyboard in Resources */ = {isa = PBXBuildFile; fileRef = 18D50A971D265D9C001AB2FB /* LaunchScreen.storyboard */; };
		DA650C071D4A47F6000818C5 /* MYZGestureView.m in Sources */ = {isa = PBXBuildFile; fileRef = DA650C061D4A47F6000818C5 /* MYZGestureView.m */; };
		DA650C0A1D4A4804000818C5 /* MYZPasscodeView.m in Sources */ = {isa = PBXBuildFile; fileRef = DA650C091D4A4804000818C5 /* MYZPasscodeView.m */; };
		DA8426D91D4F859900FBD962 /* MYZCircleView.m in Sources */ = {isa = PBXBuildFile; fileRef = DA8426D81D4F859900FBD962 /* MYZCircleView.m */; };
		DAE30E121D48FEF900FEE2E7 /* MYZLockView.m in Sources */ = {isa = PBXBuildFile; fileRef = DAE30E111D48FEF900FEE2E7 /* MYZLockView.m */; };
/* End PBXBuildFile section */

/* Begin PBXFileReference section */
		184A973E1D6BE4A300622FAF /* MYZPasscodeInfoView.h */ = {isa = PBXFileReference; fileEncoding = 4; lastKnownFileType = sourcecode.c.h; path = MYZPasscodeInfoView.h; sourceTree = "<group>"; };
		184A973F1D6BE4A300622FAF /* MYZPasscodeInfoView.m */ = {isa = PBXFileReference; fileEncoding = 4; lastKnownFileType = sourcecode.c.objc; path = MYZPasscodeInfoView.m; sourceTree = "<group>"; };
		184A97421D6C309900622FAF /* CALayer+shake.h */ = {isa = PBXFileReference; fileEncoding = 4; lastKnownFileType = sourcecode.c.h; path = "CALayer+shake.h"; sourceTree = "<group>"; };
		184A97431D6C309900622FAF /* CALayer+shake.m */ = {isa = PBXFileReference; fileEncoding = 4; lastKnownFileType = sourcecode.c.objc; path = "CALayer+shake.m"; sourceTree = "<group>"; };
		184A97451D6C38CE00622FAF /* MYZMinePasscodeSetController.h */ = {isa = PBXFileReference; fileEncoding = 4; lastKnownFileType = sourcecode.c.h; path = MYZMinePasscodeSetController.h; sourceTree = "<group>"; };
		184A97461D6C38CE00622FAF /* MYZMinePasscodeSetController.m */ = {isa = PBXFileReference; fileEncoding = 4; lastKnownFileType = sourcecode.c.objc; path = MYZMinePasscodeSetController.m; sourceTree = "<group>"; };
		187F032E1D7578840038ABCE /* zh-Hans */ = {isa = PBXFileReference; lastKnownFileType = text.plist.strings; name = "zh-Hans"; path = "zh-Hans.lproj/LaunchScreen.strings"; sourceTree = "<group>"; };
		18810F161D3F61A7003058BA /* MYZNavigationController.h */ = {isa = PBXFileReference; fileEncoding = 4; lastKnownFileType = sourcecode.c.h; path = MYZNavigationController.h; sourceTree = "<group>"; };
		18810F171D3F61A7003058BA /* MYZNavigationController.m */ = {isa = PBXFileReference; fileEncoding = 4; lastKnownFileType = sourcecode.c.objc; path = MYZNavigationController.m; sourceTree = "<group>"; };
		18810F181D3F61A7003058BA /* MYZTabBarController.h */ = {isa = PBXFileReference; fileEncoding = 4; lastKnownFileType = sourcecode.c.h; path = MYZTabBarController.h; sourceTree = "<group>"; };
		18810F191D3F61A7003058BA /* MYZTabBarController.m */ = {isa = PBXFileReference; fileEncoding = 4; lastKnownFileType = sourcecode.c.objc; path = MYZTabBarController.m; sourceTree = "<group>"; };
		18810F1B1D3F61A7003058BA /* MYZHomeController.h */ = {isa = PBXFileReference; fileEncoding = 4; lastKnownFileType = sourcecode.c.h; path = MYZHomeController.h; sourceTree = "<group>"; };
		18810F1C1D3F61A7003058BA /* MYZHomeController.m */ = {isa = PBXFileReference; fileEncoding = 4; lastKnownFileType = sourcecode.c.objc; path = MYZHomeController.m; sourceTree = "<group>"; };
		18810F211D3F61A7003058BA /* MYZNextViewController.h */ = {isa = PBXFileReference; fileEncoding = 4; lastKnownFileType = sourcecode.c.h; path = MYZNextViewController.h; sourceTree = "<group>"; };
		18810F221D3F61A7003058BA /* MYZNextViewController.m */ = {isa = PBXFileReference; fileEncoding = 4; lastKnownFileType = sourcecode.c.objc; path = MYZNextViewController.m; sourceTree = "<group>"; };
		18810F291D3F68BC003058BA /* MYZMineController.h */ = {isa = PBXFileReference; fileEncoding = 4; lastKnownFileType = sourcecode.c.h; path = MYZMineController.h; sourceTree = "<group>"; };
		18810F2A1D3F68BC003058BA /* MYZMineController.m */ = {isa = PBXFileReference; fileEncoding = 4; lastKnownFileType = sourcecode.c.objc; path = MYZMineController.m; sourceTree = "<group>"; };
		18810F321D3F6916003058BA /* MYZSettingGroup.h */ = {isa = PBXFileReference; fileEncoding = 4; lastKnownFileType = sourcecode.c.h; path = MYZSettingGroup.h; sourceTree = "<group>"; };
		18810F331D3F6916003058BA /* MYZSettingGroup.m */ = {isa = PBXFileReference; fileEncoding = 4; lastKnownFileType = sourcecode.c.objc; path = MYZSettingGroup.m; sourceTree = "<group>"; };
		18810F351D3F6A5E003058BA /* MYZSettingItem.h */ = {isa = PBXFileReference; fileEncoding = 4; lastKnownFileType = sourcecode.c.h; path = MYZSettingItem.h; sourceTree = "<group>"; };
		18810F361D3F6A5E003058BA /* MYZSettingItem.m */ = {isa = PBXFileReference; fileEncoding = 4; lastKnownFileType = sourcecode.c.objc; path = MYZSettingItem.m; sourceTree = "<group>"; };
		18810F381D3F6B56003058BA /* MYZSettingPushItem.h */ = {isa = PBXFileReference; fileEncoding = 4; lastKnownFileType = sourcecode.c.h; path = MYZSettingPushItem.h; sourceTree = "<group>"; };
		18810F391D3F6B56003058BA /* MYZSettingPushItem.m */ = {isa = PBXFileReference; fileEncoding = 4; lastKnownFileType = sourcecode.c.objc; path = MYZSettingPushItem.m; sourceTree = "<group>"; };
		18810F3B1D3F6BA0003058BA /* MYZSettingSwitchItem.h */ = {isa = PBXFileReference; fileEncoding = 4; lastKnownFileType = sourcecode.c.h; path = MYZSettingSwitchItem.h; sourceTree = "<group>"; };
		18810F3C1D3F6BA0003058BA /* MYZSettingSwitchItem.m */ = {isa = PBXFileReference; fileEncoding = 4; lastKnownFileType = sourcecode.c.objc; path = MYZSettingSwitchItem.m; sourceTree = "<group>"; };
		18810F3E1D3F6BCB003058BA /* MYZSettingCheckItem.h */ = {isa = PBXFileReference; fileEncoding = 4; lastKnownFileType = sourcecode.c.h; path = MYZSettingCheckItem.h; sourceTree = "<group>"; };
		18810F3F1D3F6BCB003058BA /* MYZSettingCheckItem.m */ = {isa = PBXFileReference; fileEncoding = 4; lastKnownFileType = sourcecode.c.objc; path = MYZSettingCheckItem.m; sourceTree = "<group>"; };
		18810F411D3F71ED003058BA /* MYZMineBaseController.h */ = {isa = PBXFileReference; fileEncoding = 4; lastKnownFileType = sourcecode.c.h; path = MYZMineBaseController.h; sourceTree = "<group>"; };
		18810F421D3F71ED003058BA /* MYZMineBaseController.m */ = {isa = PBXFileReference; fileEncoding = 4; lastKnownFileType = sourcecode.c.objc; path = MYZMineBaseController.m; sourceTree = "<group>"; };
		18810F441D3F73AA003058BA /* MYZSettingCell.h */ = {isa = PBXFileReference; fileEncoding = 4; lastKnownFileType = sourcecode.c.h; path = MYZSettingCell.h; sourceTree = "<group>"; };
		18810F451D3F73AA003058BA /* MYZSettingCell.m */ = {isa = PBXFileReference; fileEncoding = 4; lastKnownFileType = sourcecode.c.objc; path = MYZSettingCell.m; sourceTree = "<group>"; };
		189B96971D40ACFD00219B25 /* 00.gif */ = {isa = PBXFileReference; lastKnownFileType = image.gif; path = 00.gif; sourceTree = "<group>"; };
		189B96991D40B0FC00219B25 /* MYZMineLockTypeController.h */ = {isa = PBXFileReference; fileEncoding = 4; lastKnownFileType = sourcecode.c.h; path = MYZMineLockTypeController.h; sourceTree = "<group>"; };
		189B969A1D40B0FC00219B25 /* MYZMineLockTypeController.m */ = {isa = PBXFileReference; fileEncoding = 4; lastKnownFileType = sourcecode.c.objc; path = MYZMineLockTypeController.m; sourceTree = "<group>"; };
		189B969C1D40B3B400219B25 /* MYZMineGestureController.h */ = {isa = PBXFileReference; fileEncoding = 4; lastKnownFileType = sourcecode.c.h; path = MYZMineGestureController.h; sourceTree = "<group>"; };
		189B969D1D40B3B400219B25 /* MYZMineGestureController.m */ = {isa = PBXFileReference; fileEncoding = 4; lastKnownFileType = sourcecode.c.objc; path = MYZMineGestureController.m; sourceTree = "<group>"; };
		189B969F1D40B3C800219B25 /* MYZMinePasscodeController.h */ = {isa = PBXFileReference; fileEncoding = 4; lastKnownFileType = sourcecode.c.h; path = MYZMinePasscodeController.h; sourceTree = "<group>"; };
		189B96A01D40B3C800219B25 /* MYZMinePasscodeController.m */ = {isa = PBXFileReference; fileEncoding = 4; lastKnownFileType = sourcecode.c.objc; path = MYZMinePasscodeController.m; sourceTree = "<group>"; };
		18AE364D1D53415B0024ECB3 /* MYZMineGestureSetController.h */ = {isa = PBXFileReference; fileEncoding = 4; lastKnownFileType = sourcecode.c.h; path = MYZMineGestureSetController.h; sourceTree = "<group>"; };
		18AE364E1D53415B0024ECB3 /* MYZMineGestureSetController.m */ = {isa = PBXFileReference; fileEncoding = 4; lastKnownFileType = sourcecode.c.objc; path = MYZMineGestureSetController.m; sourceTree = "<group>"; };
		18BB78901D65B7B9003A738E /* MYZNumberView.h */ = {isa = PBXFileReference; fileEncoding = 4; lastKnownFileType = sourcecode.c.h; path = MYZNumberView.h; sourceTree = "<group>"; };
		18BB78911D65B7BA003A738E /* MYZNumberView.m */ = {isa = PBXFileReference; fileEncoding = 4; lastKnownFileType = sourcecode.c.objc; path = MYZNumberView.m; sourceTree = "<group>"; };
		18BB78931D65B81F003A738E /* MYZGestureShapeView.h */ = {isa = PBXFileReference; fileEncoding = 4; lastKnownFileType = sourcecode.c.h; path = MYZGestureShapeView.h; sourceTree = "<group>"; };
		18BB78941D65B81F003A738E /* MYZGestureShapeView.m */ = {isa = PBXFileReference; fileEncoding = 4; lastKnownFileType = sourcecode.c.objc; path = MYZGestureShapeView.m; sourceTree = "<group>"; };
		18D50A861D265D9C001AB2FB /* PasscodeLockDemo.app */ = {isa = PBXFileReference; explicitFileType = wrapper.application; includeInIndex = 0; path = PasscodeLockDemo.app; sourceTree = BUILT_PRODUCTS_DIR; };
		18D50A8A1D265D9C001AB2FB /* main.m */ = {isa = PBXFileReference; lastKnownFileType = sourcecode.c.objc; path = main.m; sourceTree = "<group>"; };
		18D50A8C1D265D9C001AB2FB /* AppDelegate.h */ = {isa = PBXFileReference; lastKnownFileType = sourcecode.c.h; path = AppDelegate.h; sourceTree = "<group>"; };
		18D50A8D1D265D9C001AB2FB /* AppDelegate.m */ = {isa = PBXFileReference; lastKnownFileType = sourcecode.c.objc; path = AppDelegate.m; sourceTree = "<group>"; };
		18D50A951D265D9C001AB2FB /* Assets.xcassets */ = {isa = PBXFileReference; lastKnownFileType = folder.assetcatalog; path = Assets.xcassets; sourceTree = "<group>"; };
		18D50A981D265D9C001AB2FB /* Base */ = {isa = PBXFileReference; lastKnownFileType = file.storyboard; name = Base; path = Base.lproj/LaunchScreen.storyboard; sourceTree = "<group>"; };
		18D50A9A1D265D9C001AB2FB /* Info.plist */ = {isa = PBXFileReference; lastKnownFileType = text.plist.xml; path = Info.plist; sourceTree = "<group>"; };
		DA650C051D4A47F6000818C5 /* MYZGestureView.h */ = {isa = PBXFileReference; fileEncoding = 4; lastKnownFileType = sourcecode.c.h; path = MYZGestureView.h; sourceTree = "<group>"; };
		DA650C061D4A47F6000818C5 /* MYZGestureView.m */ = {isa = PBXFileReference; fileEncoding = 4; lastKnownFileType = sourcecode.c.objc; path = MYZGestureView.m; sourceTree = "<group>"; };
		DA650C081D4A4804000818C5 /* MYZPasscodeView.h */ = {isa = PBXFileReference; fileEncoding = 4; lastKnownFileType = sourcecode.c.h; path = MYZPasscodeView.h; sourceTree = "<group>"; };
		DA650C091D4A4804000818C5 /* MYZPasscodeView.m */ = {isa = PBXFileReference; fileEncoding = 4; lastKnownFileType = sourcecode.c.objc; path = MYZPasscodeView.m; sourceTree = "<group>"; };
		DA8426D71D4F859900FBD962 /* MYZCircleView.h */ = {isa = PBXFileReference; fileEncoding = 4; lastKnownFileType = sourcecode.c.h; path = MYZCircleView.h; sourceTree = "<group>"; };
		DA8426D81D4F859900FBD962 /* MYZCircleView.m */ = {isa = PBXFileReference; fileEncoding = 4; lastKnownFileType = sourcecode.c.objc; path = MYZCircleView.m; sourceTree = "<group>"; };
		DAE30E101D48FEF900FEE2E7 /* MYZLockView.h */ = {isa = PBXFileReference; fileEncoding = 4; lastKnownFileType = sourcecode.c.h; path = MYZLockView.h; sourceTree = "<group>"; };
		DAE30E111D48FEF900FEE2E7 /* MYZLockView.m */ = {isa = PBXFileReference; fileEncoding = 4; lastKnownFileType = sourcecode.c.objc; path = MYZLockView.m; sourceTree = "<group>"; };
/* End PBXFileReference section */

/* Begin PBXFrameworksBuildPhase section */
		18D50A831D265D9C001AB2FB /* Frameworks */ = {
			isa = PBXFrameworksBuildPhase;
			buildActionMask = 2147483647;
			files = (
			);
			runOnlyForDeploymentPostprocessing = 0;
		};
/* End PBXFrameworksBuildPhase section */

/* Begin PBXGroup section */
		184A97411D6C309900622FAF /* Others */ = {
			isa = PBXGroup;
			children = (
				184A97421D6C309900622FAF /* CALayer+shake.h */,
				184A97431D6C309900622FAF /* CALayer+shake.m */,
			);
			path = Others;
			sourceTree = "<group>";
		};
		18810F141D3F61A7003058BA /* Classes */ = {
			isa = PBXGroup;
			children = (
				18810F151D3F61A7003058BA /* Foundation */,
				18810F1A1D3F61A7003058BA /* Home */,
				18810F1D1D3F61A7003058BA /* Mine */,
				18810F201D3F61A7003058BA /* Others */,
			);
			path = Classes;
			sourceTree = "<group>";
		};
		18810F151D3F61A7003058BA /* Foundation */ = {
			isa = PBXGroup;
			children = (
				18810F161D3F61A7003058BA /* MYZNavigationController.h */,
				18810F171D3F61A7003058BA /* MYZNavigationController.m */,
				18810F181D3F61A7003058BA /* MYZTabBarController.h */,
				18810F191D3F61A7003058BA /* MYZTabBarController.m */,
			);
			path = Foundation;
			sourceTree = "<group>";
		};
		18810F1A1D3F61A7003058BA /* Home */ = {
			isa = PBXGroup;
			children = (
				18810F1B1D3F61A7003058BA /* MYZHomeController.h */,
				18810F1C1D3F61A7003058BA /* MYZHomeController.m */,
			);
			path = Home;
			sourceTree = "<group>";
		};
		18810F1D1D3F61A7003058BA /* Mine */ = {
			isa = PBXGroup;
			children = (
				18810F281D3F68BC003058BA /* Controller */,
				18810F2B1D3F68BC003058BA /* Model */,
				18810F2C1D3F68BC003058BA /* View */,
			);
			path = Mine;
			sourceTree = "<group>";
		};
		18810F201D3F61A7003058BA /* Others */ = {
			isa = PBXGroup;
			children = (
				18810F211D3F61A7003058BA /* MYZNextViewController.h */,
				18810F221D3F61A7003058BA /* MYZNextViewController.m */,
			);
			path = Others;
			sourceTree = "<group>";
		};
		18810F281D3F68BC003058BA /* Controller */ = {
			isa = PBXGroup;
			children = (
				18810F411D3F71ED003058BA /* MYZMineBaseController.h */,
				18810F421D3F71ED003058BA /* MYZMineBaseController.m */,
				18810F291D3F68BC003058BA /* MYZMineController.h */,
				18810F2A1D3F68BC003058BA /* MYZMineController.m */,
				189B96991D40B0FC00219B25 /* MYZMineLockTypeController.h */,
				189B969A1D40B0FC00219B25 /* MYZMineLockTypeController.m */,
				189B969C1D40B3B400219B25 /* MYZMineGestureController.h */,
				189B969D1D40B3B400219B25 /* MYZMineGestureController.m */,
				18AE364D1D53415B0024ECB3 /* MYZMineGestureSetController.h */,
				18AE364E1D53415B0024ECB3 /* MYZMineGestureSetController.m */,
				189B969F1D40B3C800219B25 /* MYZMinePasscodeController.h */,
				189B96A01D40B3C800219B25 /* MYZMinePasscodeController.m */,
				184A97451D6C38CE00622FAF /* MYZMinePasscodeSetController.h */,
				184A97461D6C38CE00622FAF /* MYZMinePasscodeSetController.m */,
			);
			path = Controller;
			sourceTree = "<group>";
		};
		18810F2B1D3F68BC003058BA /* Model */ = {
			isa = PBXGroup;
			children = (
				18810F321D3F6916003058BA /* MYZSettingGroup.h */,
				18810F331D3F6916003058BA /* MYZSettingGroup.m */,
				18810F351D3F6A5E003058BA /* MYZSettingItem.h */,
				18810F361D3F6A5E003058BA /* MYZSettingItem.m */,
				18810F381D3F6B56003058BA /* MYZSettingPushItem.h */,
				18810F391D3F6B56003058BA /* MYZSettingPushItem.m */,
				18810F3B1D3F6BA0003058BA /* MYZSettingSwitchItem.h */,
				18810F3C1D3F6BA0003058BA /* MYZSettingSwitchItem.m */,
				18810F3E1D3F6BCB003058BA /* MYZSettingCheckItem.h */,
				18810F3F1D3F6BCB003058BA /* MYZSettingCheckItem.m */,
			);
			path = Model;
			sourceTree = "<group>";
		};
		18810F2C1D3F68BC003058BA /* View */ = {
			isa = PBXGroup;
			children = (
				DAE30E101D48FEF900FEE2E7 /* MYZLockView.h */,
				DAE30E111D48FEF900FEE2E7 /* MYZLockView.m */,
				18810F441D3F73AA003058BA /* MYZSettingCell.h */,
				18810F451D3F73AA003058BA /* MYZSettingCell.m */,
			);
			path = View;
			sourceTree = "<group>";
		};
		18D50A7D1D265D9C001AB2FB = {
			isa = PBXGroup;
			children = (
				18D50A881D265D9C001AB2FB /* PasscodeLockDemo */,
				18D50A871D265D9C001AB2FB /* Products */,
			);
			sourceTree = "<group>";
		};
		18D50A871D265D9C001AB2FB /* Products */ = {
			isa = PBXGroup;
			children = (
				18D50A861D265D9C001AB2FB /* PasscodeLockDemo.app */,
			);
			name = Products;
			sourceTree = "<group>";
		};
		18D50A881D265D9C001AB2FB /* PasscodeLockDemo */ = {
			isa = PBXGroup;
			children = (
				DA3D6EBC1D46542700DA5C8E /* LockView */,
				18810F141D3F61A7003058BA /* Classes */,
				18D50A891D265D9C001AB2FB /* Supporting Files */,
			);
			path = PasscodeLockDemo;
			sourceTree = "<group>";
		};
		18D50A891D265D9C001AB2FB /* Supporting Files */ = {
			isa = PBXGroup;
			children = (
				189B96971D40ACFD00219B25 /* 00.gif */,
				18D50A8C1D265D9C001AB2FB /* AppDelegate.h */,
				18D50A8D1D265D9C001AB2FB /* AppDelegate.m */,
				18D50A951D265D9C001AB2FB /* Assets.xcassets */,
				18D50A971D265D9C001AB2FB /* LaunchScreen.storyboard */,
				18D50A9A1D265D9C001AB2FB /* Info.plist */,
				18D50A8A1D265D9C001AB2FB /* main.m */,
			);
			name = "Supporting Files";
			sourceTree = "<group>";
		};
		DA3D6EBC1D46542700DA5C8E /* LockView */ = {
			isa = PBXGroup;
			children = (
				184A97411D6C309900622FAF /* Others */,
				DA3D6EBD1D4654E500DA5C8E /* Gesture */,
				DA3D6EBE1D4654E500DA5C8E /* Passcode */,
			);
			path = LockView;
			sourceTree = "<group>";
		};
		DA3D6EBD1D4654E500DA5C8E /* Gesture */ = {
			isa = PBXGroup;
			children = (
				DA650C051D4A47F6000818C5 /* MYZGestureView.h */,
				DA650C061D4A47F6000818C5 /* MYZGestureView.m */,
				DA8426D71D4F859900FBD962 /* MYZCircleView.h */,
				DA8426D81D4F859900FBD962 /* MYZCircleView.m */,
				18BB78931D65B81F003A738E /* MYZGestureShapeView.h */,
				18BB78941D65B81F003A738E /* MYZGestureShapeView.m */,
			);
			path = Gesture;
			sourceTree = "<group>";
		};
		DA3D6EBE1D4654E500DA5C8E /* Passcode */ = {
			isa = PBXGroup;
			children = (
				DA650C081D4A4804000818C5 /* MYZPasscodeView.h */,
				DA650C091D4A4804000818C5 /* MYZPasscodeView.m */,
				18BB78901D65B7B9003A738E /* MYZNumberView.h */,
				18BB78911D65B7BA003A738E /* MYZNumberView.m */,
				184A973E1D6BE4A300622FAF /* MYZPasscodeInfoView.h */,
				184A973F1D6BE4A300622FAF /* MYZPasscodeInfoView.m */,
			);
			path = Passcode;
			sourceTree = "<group>";
		};
/* End PBXGroup section */

/* Begin PBXNativeTarget section */
		18D50A851D265D9C001AB2FB /* PasscodeLockDemo */ = {
			isa = PBXNativeTarget;
			buildConfigurationList = 18D50A9D1D265D9C001AB2FB /* Build configuration list for PBXNativeTarget "PasscodeLockDemo" */;
			buildPhases = (
				18D50A821D265D9C001AB2FB /* Sources */,
				18D50A831D265D9C001AB2FB /* Frameworks */,
				18D50A841D265D9C001AB2FB /* Resources */,
			);
			buildRules = (
			);
			dependencies = (
			);
			name = PasscodeLockDemo;
			productName = PasscodeLockDemo;
			productReference = 18D50A861D265D9C001AB2FB /* PasscodeLockDemo.app */;
			productType = "com.apple.product-type.application";
		};
/* End PBXNativeTarget section */

/* Begin PBXProject section */
		18D50A7E1D265D9C001AB2FB /* Project object */ = {
			isa = PBXProject;
			attributes = {
				CLASSPREFIX = MYZ;
				LastUpgradeCheck = 0730;
				ORGANIZATIONNAME = myz;
				TargetAttributes = {
					18D50A851D265D9C001AB2FB = {
						CreatedOnToolsVersion = 7.3;
						DevelopmentTeam = 3ZPEAN2426;
					};
				};
			};
			buildConfigurationList = 18D50A811D265D9C001AB2FB /* Build configuration list for PBXProject "PasscodeLockDemo" */;
			compatibilityVersion = "Xcode 3.2";
			developmentRegion = English;
			hasScannedForEncodings = 0;
			knownRegions = (
				Base,
			);
			mainGroup = 18D50A7D1D265D9C001AB2FB;
			productRefGroup = 18D50A871D265D9C001AB2FB /* Products */;
			projectDirPath = "";
			projectRoot = "";
			targets = (
				18D50A851D265D9C001AB2FB /* PasscodeLockDemo */,
			);
		};
/* End PBXProject section */

/* Begin PBXResourcesBuildPhase section */
		18D50A841D265D9C001AB2FB /* Resources */ = {
			isa = PBXResourcesBuildPhase;
			buildActionMask = 2147483647;
			files = (
				189B96981D40ACFD00219B25 /* 00.gif in Resources */,
				18D50A991D265D9C001AB2FB /* LaunchScreen.storyboard in Resources */,
				18D50A961D265D9C001AB2FB /* Assets.xcassets in Resources */,
			);
			runOnlyForDeploymentPostprocessing = 0;
		};
/* End PBXResourcesBuildPhase section */

/* Begin PBXSourcesBuildPhase section */
		18D50A821D265D9C001AB2FB /* Sources */ = {
			isa = PBXSourcesBuildPhase;
			buildActionMask = 2147483647;
			files = (
				18810F3D1D3F6BA0003058BA /* MYZSettingSwitchItem.m in Sources */,
				189B969E1D40B3B400219B25 /* MYZMineGestureController.m in Sources */,
				DA8426D91D4F859900FBD962 /* MYZCircleView.m in Sources */,
				18BB78951D65B81F003A738E /* MYZGestureShapeView.m in Sources */,
				18810F3A1D3F6B56003058BA /* MYZSettingPushItem.m in Sources */,
				18810F271D3F61A7003058BA /* MYZNextViewController.m in Sources */,
				DAE30E121D48FEF900FEE2E7 /* MYZLockView.m in Sources */,
				184A97441D6C309900622FAF /* CALayer+shake.m in Sources */,
				18810F401D3F6BCB003058BA /* MYZSettingCheckItem.m in Sources */,
				189B96A11D40B3C800219B25 /* MYZMinePasscodeController.m in Sources */,
				184A97401D6BE4A300622FAF /* MYZPasscodeInfoView.m in Sources */,
				18810F241D3F61A7003058BA /* MYZTabBarController.m in Sources */,
				189B969B1D40B0FC00219B25 /* MYZMineLockTypeController.m in Sources */,
				DA650C0A1D4A4804000818C5 /* MYZPasscodeView.m in Sources */,
				DA650C071D4A47F6000818C5 /* MYZGestureView.m in Sources */,
				184A97471D6C38CE00622FAF /* MYZMinePasscodeSetController.m in Sources */,
				18D50A8E1D265D9C001AB2FB /* AppDelegate.m in Sources */,
				18810F2D1D3F68BC003058BA /* MYZMineController.m in Sources */,
				18AE364F1D53415B0024ECB3 /* MYZMineGestureSetController.m in Sources */,
				18D50A8B1D265D9C001AB2FB /* main.m in Sources */,
				18810F251D3F61A7003058BA /* MYZHomeController.m in Sources */,
				18BB78921D65B7BA003A738E /* MYZNumberView.m in Sources */,
				18810F461D3F73AA003058BA /* MYZSettingCell.m in Sources */,
				18810F431D3F71ED003058BA /* MYZMineBaseController.m in Sources */,
				18810F371D3F6A5E003058BA /* MYZSettingItem.m in Sources */,
				18810F231D3F61A7003058BA /* MYZNavigationController.m in Sources */,
				18810F341D3F6916003058BA /* MYZSettingGroup.m in Sources */,
			);
			runOnlyForDeploymentPostprocessing = 0;
		};
/* End PBXSourcesBuildPhase section */

/* Begin PBXVariantGroup section */
		18D50A971D265D9C001AB2FB /* LaunchScreen.storyboard */ = {
			isa = PBXVariantGroup;
			children = (
				18D50A981D265D9C001AB2FB /* Base */,
				187F032E1D7578840038ABCE /* zh-Hans */,
			);
			name = LaunchScreen.storyboard;
			sourceTree = "<group>";
		};
/* End PBXVariantGroup section */

/* Begin XCBuildConfiguration section */
		18D50A9B1D265D9C001AB2FB /* Debug */ = {
			isa = XCBuildConfiguration;
			buildSettings = {
				ALWAYS_SEARCH_USER_PATHS = NO;
				CLANG_ANALYZER_NONNULL = YES;
				CLANG_CXX_LANGUAGE_STANDARD = "gnu++0x";
				CLANG_CXX_LIBRARY = "libc++";
				CLANG_ENABLE_MODULES = YES;
				CLANG_ENABLE_OBJC_ARC = YES;
				CLANG_WARN_BOOL_CONVERSION = YES;
				CLANG_WARN_CONSTANT_CONVERSION = YES;
				CLANG_WARN_DIRECT_OBJC_ISA_USAGE = YES_ERROR;
				CLANG_WARN_EMPTY_BODY = YES;
				CLANG_WARN_ENUM_CONVERSION = YES;
				CLANG_WARN_INT_CONVERSION = YES;
				CLANG_WARN_OBJC_ROOT_CLASS = YES_ERROR;
				CLANG_WARN_UNREACHABLE_CODE = YES;
				CLANG_WARN__DUPLICATE_METHOD_MATCH = YES;
				"CODE_SIGN_IDENTITY[sdk=iphoneos*]" = "iPhone Developer";
				COPY_PHASE_STRIP = NO;
				DEBUG_INFORMATION_FORMAT = dwarf;
				ENABLE_STRICT_OBJC_MSGSEND = YES;
				ENABLE_TESTABILITY = YES;
				GCC_C_LANGUAGE_STANDARD = gnu99;
				GCC_DYNAMIC_NO_PIC = NO;
				GCC_NO_COMMON_BLOCKS = YES;
				GCC_OPTIMIZATION_LEVEL = 0;
				GCC_PREPROCESSOR_DEFINITIONS = (
					"DEBUG=1",
					"$(inherited)",
				);
				GCC_WARN_64_TO_32_BIT_CONVERSION = YES;
				GCC_WARN_ABOUT_RETURN_TYPE = YES_ERROR;
				GCC_WARN_UNDECLARED_SELECTOR = YES;
				GCC_WARN_UNINITIALIZED_AUTOS = YES_AGGRESSIVE;
				GCC_WARN_UNUSED_FUNCTION = YES;
				GCC_WARN_UNUSED_VARIABLE = YES;
				IPHONEOS_DEPLOYMENT_TARGET = 8.0;
				MTL_ENABLE_DEBUG_INFO = YES;
				ONLY_ACTIVE_ARCH = YES;
				SDKROOT = iphoneos;
			};
			name = Debug;
		};
		18D50A9C1D265D9C001AB2FB /* Release */ = {
			isa = XCBuildConfiguration;
			buildSettings = {
				ALWAYS_SEARCH_USER_PATHS = NO;
				CLANG_ANALYZER_NONNULL = YES;
				CLANG_CXX_LANGUAGE_STANDARD = "gnu++0x";
				CLANG_CXX_LIBRARY = "libc++";
				CLANG_ENABLE_MODULES = YES;
				CLANG_ENABLE_OBJC_ARC = YES;
				CLANG_WARN_BOOL_CONVERSION = YES;
				CLANG_WARN_CONSTANT_CONVERSION = YES;
				CLANG_WARN_DIRECT_OBJC_ISA_USAGE = YES_ERROR;
				CLANG_WARN_EMPTY_BODY = YES;
				CLANG_WARN_ENUM_CONVERSION = YES;
				CLANG_WARN_INT_CONVERSION = YES;
				CLANG_WARN_OBJC_ROOT_CLASS = YES_ERROR;
				CLANG_WARN_UNREACHABLE_CODE = YES;
				CLANG_WARN__DUPLICATE_METHOD_MATCH = YES;
				"CODE_SIGN_IDENTITY[sdk=iphoneos*]" = "iPhone Developer";
				COPY_PHASE_STRIP = NO;
				DEBUG_INFORMATION_FORMAT = "dwarf-with-dsym";
				ENABLE_NS_ASSERTIONS = NO;
				ENABLE_STRICT_OBJC_MSGSEND = YES;
				GCC_C_LANGUAGE_STANDARD = gnu99;
				GCC_NO_COMMON_BLOCKS = YES;
				GCC_WARN_64_TO_32_BIT_CONVERSION = YES;
				GCC_WARN_ABOUT_RETURN_TYPE = YES_ERROR;
				GCC_WARN_UNDECLARED_SELECTOR = YES;
				GCC_WARN_UNINITIALIZED_AUTOS = YES_AGGRESSIVE;
				GCC_WARN_UNUSED_FUNCTION = YES;
				GCC_WARN_UNUSED_VARIABLE = YES;
				IPHONEOS_DEPLOYMENT_TARGET = 8.0;
				MTL_ENABLE_DEBUG_INFO = NO;
				SDKROOT = iphoneos;
				VALIDATE_PRODUCT = YES;
			};
			name = Release;
		};
		18D50A9E1D265D9C001AB2FB /* Debug */ = {
			isa = XCBuildConfiguration;
			buildSettings = {
				ASSETCATALOG_COMPILER_APPICON_NAME = AppIcon;
				CODE_SIGN_IDENTITY = "iPhone Developer";
				INFOPLIST_FILE = PasscodeLockDemo/Info.plist;
				LD_RUNPATH_SEARCH_PATHS = "$(inherited) @executable_path/Frameworks";
				PRODUCT_BUNDLE_IDENTIFIER = com.159Cai.08181100;
				PRODUCT_NAME = "$(TARGET_NAME)";
			};
			name = Debug;
		};
		18D50A9F1D265D9C001AB2FB /* Release */ = {
			isa = XCBuildConfiguration;
			buildSettings = {
				ASSETCATALOG_COMPILER_APPICON_NAME = AppIcon;
				CODE_SIGN_IDENTITY = "iPhone Developer";
				INFOPLIST_FILE = PasscodeLockDemo/Info.plist;
				LD_RUNPATH_SEARCH_PATHS = "$(inherited) @executable_path/Frameworks";
				PRODUCT_BUNDLE_IDENTIFIER = com.159Cai.08181100;
				PRODUCT_NAME = "$(TARGET_NAME)";
			};
			name = Release;
		};
/* End XCBuildConfiguration section */

/* Begin XCConfigurationList section */
		18D50A811D265D9C001AB2FB /* Build configuration list for PBXProject "PasscodeLockDemo" */ = {
			isa = XCConfigurationList;
			buildConfigurations = (
				18D50A9B1D265D9C001AB2FB /* Debug */,
				18D50A9C1D265D9C001AB2FB /* Release */,
			);
			defaultConfigurationIsVisible = 0;
			defaultConfigurationName = Release;
		};
		18D50A9D1D265D9C001AB2FB /* Build configuration list for PBXNativeTarget "PasscodeLockDemo" */ = {
			isa = XCConfigurationList;
			buildConfigurations = (
				18D50A9E1D265D9C001AB2FB /* Debug */,
				18D50A9F1D265D9C001AB2FB /* Release */,
			);
			defaultConfigurationIsVisible = 0;
			defaultConfigurationName = Release;
		};
/* End XCConfigurationList section */
	};
	rootObject = 18D50A7E1D265D9C001AB2FB /* Project object */;
}
